{
  "version": "3",
  "packages": {
    "specifiers": {
      "npm:shlex": "npm:shlex@2.1.2"
    },
    "npm": {
      "shlex@2.1.2": {
        "integrity": "sha512-Nz6gtibMVgYeMEhUjp2KuwAgqaJA1K155dU/HuDaEJUGgnmYfVtVZah+uerVWdH8UGnyahhDCgABbYTbs254+w==",
        "dependencies": {}
      }
    }
  },
  "remote": {
    "https://deno.land/std@0.223.0/encoding/_util.ts": "beacef316c1255da9bc8e95afb1fa56ed69baef919c88dc06ae6cb7a6103d376",
    "https://deno.land/std@0.223.0/encoding/base64.ts": "dd59695391584c8ffc5a296ba82bcdba6dd8a84d41a6a539fbee8e5075286eaf",
    "https://deno.land/std@0.71.0/encoding/hex.ts": "8dc1489e66b22fec26950c7a55391b12be0d9f9a80cbc7b422700cdff85cd2f7",
    "https://deno.land/std@0.71.0/hash/md5.ts": "ebc56f9d9dd45c72da17ceceb8bc345849198098f1fff8832176eac598576b42"
  }
}
